
Microsoft Visual Studio Solution File, Format Version 12.00
# Visual Studio Version 16
VisualStudioVersion = 16.0.809.3
MinimumVisualStudioVersion = 10.0.40219.1
Project("{FAE04EC0-301F-11D3-BF4B-00C04F79EFBC}") = "INTEXII_App", "INTEXII_App\INTEXII_App.csproj", "{433412CE-4278-4124-93A3-4D705992BF6A}"
EndProject
Global
	GlobalSection(SolutionConfigurationPlatforms) = preSolution
		Debug|Any CPU = Debug|Any CPU
		Release|Any CPU = Release|Any CPU
	EndGlobalSection
	GlobalSection(ProjectConfigurationPlatforms) = postSolution
		{433412CE-4278-4124-93A3-4D705992BF6A}.Debug|Any CPU.ActiveCfg = Debug|Any CPU
		{433412CE-4278-4124-93A3-4D705992BF6A}.Debug|Any CPU.Build.0 = Debug|Any CPU
		{433412CE-4278-4124-93A3-4D705992BF6A}.Release|Any CPU.ActiveCfg = Release|Any CPU
		{433412CE-4278-4124-93A3-4D705992BF6A}.Release|Any CPU.Build.0 = Release|Any CPU
	EndGlobalSection
	GlobalSection(SolutionProperties) = preSolution
		HideSolutionNode = FALSE
	EndGlobalSection
	GlobalSection(ExtensibilityGlobals) = postSolution
		SolutionGuid = {6612B40E-DC46-401D-886F-D6AE8BE7E131}
	EndGlobalSection
EndGlobal
